Microsoft Visual Studio Solution File, Format Version 12.00
# Visual Studio Version 17
VisualStudioVersion = 17.5.2.0
MinimumVisualStudioVersion = 10.0.40219.1
Project("{FAE04EC0-301F-11D3-BF4B-00C04F79EFBC}") = "P2_Atividade2025_LojaVirtual", "P2_Atividade2025_LojaVirtual.csproj", "{EEA82439-10F1-01BF-D11F-56D845D6C881}"
EndProject
Global
	GlobalSection(SolutionConfigurationPlatforms) = preSolution
		Debug|Any CPU = Debug|Any CPU
		Release|Any CPU = Release|Any CPU
	EndGlobalSection
	GlobalSection(ProjectConfigurationPlatforms) = postSolution
		{EEA82439-10F1-01BF-D11F-56D845D6C881}.Debug|Any CPU.ActiveCfg = Debug|Any CPU
		{EEA82439-10F1-01BF-D11F-56D845D6C881}.Debug|Any CPU.Build.0 = Debug|Any CPU
		{EEA82439-10F1-01BF-D11F-56D845D6C881}.Release|Any CPU.ActiveCfg = Release|Any CPU
		{EEA82439-10F1-01BF-D11F-56D845D6C881}.Release|Any CPU.Build.0 = Release|Any CPU
	EndGlobalSection
	GlobalSection(SolutionProperties) = preSolution
		HideSolutionNode = FALSE
	EndGlobalSection
	GlobalSection(ExtensibilityGlobals) = postSolution
		SolutionGuid = {D929EE4C-828C-4A31-A5F1-481065F3DADB}
	EndGlobalSection
EndGlobal
